
Microsoft Visual Studio Solution File, Format Version 12.00
# Visual Studio Version 17
VisualStudioVersion = 17.11.35303.130
MinimumVisualStudioVersion = 10.0.40219.1
Project("{FAE04EC0-301F-11D3-BF4B-00C04F79EFBC}") = "plkj", "plkj.csproj", "{B0E5249C-288B-43BE-B01C-CE94718F992B}"
EndProject
Global
	GlobalSection(SolutionConfigurationPlatforms) = preSolution
		Debug|Any CPU = Debug|Any CPU
		Release|Any CPU = Release|Any CPU
	EndGlobalSection
	GlobalSection(ProjectConfigurationPlatforms) = postSolution
		{B0E5249C-288B-43BE-B01C-CE94718F992B}.Debug|Any CPU.ActiveCfg = Debug|Any CPU
		{B0E5249C-288B-43BE-B01C-CE94718F992B}.Debug|Any CPU.Build.0 = Debug|Any CPU
		{B0E5249C-288B-43BE-B01C-CE94718F992B}.Release|Any CPU.ActiveCfg = Release|Any CPU
		{B0E5249C-288B-43BE-B01C-CE94718F992B}.Release|Any CPU.Build.0 = Release|Any CPU
	EndGlobalSection
	GlobalSection(SolutionProperties) = preSolution
		HideSolutionNode = FALSE
	EndGlobalSection
	GlobalSection(ExtensibilityGlobals) = postSolution
		SolutionGuid = {7A7137AA-B651-482F-99B7-D8ED67BACB4C}
	EndGlobalSection
EndGlobal
